
Microsoft Visual Studio Solution File, Format Version 12.00
# Visual Studio Version 16
VisualStudioVersion = 16.0.29709.97
MinimumVisualStudioVersion = 10.0.40219.1
Project("{FAE04EC0-301F-11D3-BF4B-00C04F79EFBC}") = "SingletonPattern", "SingletonPattern\SingletonPattern.csproj", "{274D1831-D7FA-4576-AF07-0DE1A644F25F}"
EndProject
Global
	GlobalSection(SolutionConfigurationPlatforms) = preSolution
		Debug|Any CPU = Debug|Any CPU
		Release|Any CPU = Release|Any CPU
	EndGlobalSection
	GlobalSection(ProjectConfigurationPlatforms) = postSolution
		{274D1831-D7FA-4576-AF07-0DE1A644F25F}.Debug|Any CPU.ActiveCfg = Debug|Any CPU
		{274D1831-D7FA-4576-AF07-0DE1A644F25F}.Debug|Any CPU.Build.0 = Debug|Any CPU
		{274D1831-D7FA-4576-AF07-0DE1A644F25F}.Release|Any CPU.ActiveCfg = Release|Any CPU
		{274D1831-D7FA-4576-AF07-0DE1A644F25F}.Release|Any CPU.Build.0 = Release|Any CPU
	EndGlobalSection
	GlobalSection(SolutionProperties) = preSolution
		HideSolutionNode = FALSE
	EndGlobalSection
	GlobalSection(ExtensibilityGlobals) = postSolution
		SolutionGuid = {6DCB0817-1843-452F-B050-1ED407391978}
	EndGlobalSection
EndGlobal
